
Microsoft Visual Studio Solution File, Format Version 12.00
# Visual Studio 15
VisualStudioVersion = 15.0.26124.0
MinimumVisualStudioVersion = 15.0.26124.0
Project("{2150E333-8FDC-42A3-9474-1A3956D46DE8}") = "src", "src", "{5EDC0BE8-D816-4267-9FBE-CC94009605C2}"
EndProject
Project("{FAE04EC0-301F-11D3-BF4B-00C04F79EFBC}") = "Actio.Api", "src\Actio.Api\Actio.Api.csproj", "{8E7146C6-DED6-4F5B-942B-2278DBFD219A}"
EndProject
Project("{FAE04EC0-301F-11D3-BF4B-00C04F79EFBC}") = "Actio.Common", "src\Actio.Common\Actio.Common.csproj", "{835A8096-D45B-4945-B80E-6BCE56905249}"
EndProject
Project("{FAE04EC0-301F-11D3-BF4B-00C04F79EFBC}") = "Actio.Services.Identity", "src\Actio.Services.Identity\Actio.Services.Identity.csproj", "{4489FB65-0426-4EA5-BA52-0F2563F8811F}"
EndProject
Project("{FAE04EC0-301F-11D3-BF4B-00C04F79EFBC}") = "Actio.Domain", "src\Actio.Domain\Actio.Domain.csproj", "{EA654790-24C3-47DC-8F73-D55E01A35E73}"
EndProject
Project("{FAE04EC0-301F-11D3-BF4B-00C04F79EFBC}") = "Actio.Infraestructure", "src\Actio.Infraestructure\Actio.Infraestructure.csproj", "{868AB53A-98A7-4C4C-8496-EFC9CDF5AFCD}"
EndProject
Project("{FAE04EC0-301F-11D3-BF4B-00C04F79EFBC}") = "Actio.Application", "src\Actio.Application\Actio.Application.csproj", "{A2B698E8-18E3-4104-B0C4-4D00E8FCFBF3}"
EndProject
Project("{2150E333-8FDC-42A3-9474-1A3956D46DE8}") = "tests", "tests", "{1AB47EDC-A657-47DA-B0DE-C38AE61F17E5}"
EndProject
Project("{FAE04EC0-301F-11D3-BF4B-00C04F79EFBC}") = "Actio.Api.Tests", "tests\Actio.Api.Tests\Actio.Api.Tests.csproj", "{EA375CD0-F769-4244-8A23-AA44F343B5A2}"
EndProject
Global
	GlobalSection(SolutionConfigurationPlatforms) = preSolution
		Debug|Any CPU = Debug|Any CPU
		Debug|x64 = Debug|x64
		Debug|x86 = Debug|x86
		Release|Any CPU = Release|Any CPU
		Release|x64 = Release|x64
		Release|x86 = Release|x86
	EndGlobalSection
	GlobalSection(SolutionProperties) = preSolution
		HideSolutionNode = FALSE
	EndGlobalSection
	GlobalSection(ProjectConfigurationPlatforms) = postSolution
		{8E7146C6-DED6-4F5B-942B-2278DBFD219A}.Debug|Any CPU.ActiveCfg = Debug|Any CPU
		{8E7146C6-DED6-4F5B-942B-2278DBFD219A}.Debug|Any CPU.Build.0 = Debug|Any CPU
		{8E7146C6-DED6-4F5B-942B-2278DBFD219A}.Debug|x64.ActiveCfg = Debug|Any CPU
		{8E7146C6-DED6-4F5B-942B-2278DBFD219A}.Debug|x64.Build.0 = Debug|Any CPU
		{8E7146C6-DED6-4F5B-942B-2278DBFD219A}.Debug|x86.ActiveCfg = Debug|Any CPU
		{8E7146C6-DED6-4F5B-942B-2278DBFD219A}.Debug|x86.Build.0 = Debug|Any CPU
		{8E7146C6-DED6-4F5B-942B-2278DBFD219A}.Release|Any CPU.ActiveCfg = Release|Any CPU
		{8E7146C6-DED6-4F5B-942B-2278DBFD219A}.Release|Any CPU.Build.0 = Release|Any CPU
		{8E7146C6-DED6-4F5B-942B-2278DBFD219A}.Release|x64.ActiveCfg = Release|Any CPU
		{8E7146C6-DED6-4F5B-942B-2278DBFD219A}.Release|x64.Build.0 = Release|Any CPU
		{8E7146C6-DED6-4F5B-942B-2278DBFD219A}.Release|x86.ActiveCfg = Release|Any CPU
		{8E7146C6-DED6-4F5B-942B-2278DBFD219A}.Release|x86.Build.0 = Release|Any CPU
		{835A8096-D45B-4945-B80E-6BCE56905249}.Debug|Any CPU.ActiveCfg = Debug|Any CPU
		{835A8096-D45B-4945-B80E-6BCE56905249}.Debug|Any CPU.Build.0 = Debug|Any CPU
		{835A8096-D45B-4945-B80E-6BCE56905249}.Debug|x64.ActiveCfg = Debug|Any CPU
		{835A8096-D45B-4945-B80E-6BCE56905249}.Debug|x64.Build.0 = Debug|Any CPU
		{835A8096-D45B-4945-B80E-6BCE56905249}.Debug|x86.ActiveCfg = Debug|Any CPU
		{835A8096-D45B-4945-B80E-6BCE56905249}.Debug|x86.Build.0 = Debug|Any CPU
		{835A8096-D45B-4945-B80E-6BCE56905249}.Release|Any CPU.ActiveCfg = Release|Any CPU
		{835A8096-D45B-4945-B80E-6BCE56905249}.Release|Any CPU.Build.0 = Release|Any CPU
		{835A8096-D45B-4945-B80E-6BCE56905249}.Release|x64.ActiveCfg = Release|Any CPU
		{835A8096-D45B-4945-B80E-6BCE56905249}.Release|x64.Build.0 = Release|Any CPU
		{835A8096-D45B-4945-B80E-6BCE56905249}.Release|x86.ActiveCfg = Release|Any CPU
		{835A8096-D45B-4945-B80E-6BCE56905249}.Release|x86.Build.0 = Release|Any CPU
		{4489FB65-0426-4EA5-BA52-0F2563F8811F}.Debug|Any CPU.ActiveCfg = Debug|Any CPU
		{4489FB65-0426-4EA5-BA52-0F2563F8811F}.Debug|Any CPU.Build.0 = Debug|Any CPU
		{4489FB65-0426-4EA5-BA52-0F2563F8811F}.Debug|x64.ActiveCfg = Debug|Any CPU
		{4489FB65-0426-4EA5-BA52-0F2563F8811F}.Debug|x64.Build.0 = Debug|Any CPU
		{4489FB65-0426-4EA5-BA52-0F2563F8811F}.Debug|x86.ActiveCfg = Debug|Any CPU
		{4489FB65-0426-4EA5-BA52-0F2563F8811F}.Debug|x86.Build.0 = Debug|Any CPU
		{4489FB65-0426-4EA5-BA52-0F2563F8811F}.Release|Any CPU.ActiveCfg = Release|Any CPU
		{4489FB65-0426-4EA5-BA52-0F2563F8811F}.Release|Any CPU.Build.0 = Release|Any CPU
		{4489FB65-0426-4EA5-BA52-0F2563F8811F}.Release|x64.ActiveCfg = Release|Any CPU
		{4489FB65-0426-4EA5-BA52-0F2563F8811F}.Release|x64.Build.0 = Release|Any CPU
		{4489FB65-0426-4EA5-BA52-0F2563F8811F}.Release|x86.ActiveCfg = Release|Any CPU
		{4489FB65-0426-4EA5-BA52-0F2563F8811F}.Release|x86.Build.0 = Release|Any CPU
		{EA654790-24C3-47DC-8F73-D55E01A35E73}.Debug|Any CPU.ActiveCfg = Debug|Any CPU
		{EA654790-24C3-47DC-8F73-D55E01A35E73}.Debug|Any CPU.Build.0 = Debug|Any CPU
		{EA654790-24C3-47DC-8F73-D55E01A35E73}.Debug|x64.ActiveCfg = Debug|Any CPU
		{EA654790-24C3-47DC-8F73-D55E01A35E73}.Debug|x64.Build.0 = Debug|Any CPU
		{EA654790-24C3-47DC-8F73-D55E01A35E73}.Debug|x86.ActiveCfg = Debug|Any CPU
		{EA654790-24C3-47DC-8F73-D55E01A35E73}.Debug|x86.Build.0 = Debug|Any CPU
		{EA654790-24C3-47DC-8F73-D55E01A35E73}.Release|Any CPU.ActiveCfg = Release|Any CPU
		{EA654790-24C3-47DC-8F73-D55E01A35E73}.Release|Any CPU.Build.0 = Release|Any CPU
		{EA654790-24C3-47DC-8F73-D55E01A35E73}.Release|x64.ActiveCfg = Release|Any CPU
		{EA654790-24C3-47DC-8F73-D55E01A35E73}.Release|x64.Build.0 = Release|Any CPU
		{EA654790-24C3-47DC-8F73-D55E01A35E73}.Release|x86.ActiveCfg = Release|Any CPU
		{EA654790-24C3-47DC-8F73-D55E01A35E73}.Release|x86.Build.0 = Release|Any CPU
		{868AB53A-98A7-4C4C-8496-EFC9CDF5AFCD}.Debug|Any CPU.ActiveCfg = Debug|Any CPU
		{868AB53A-98A7-4C4C-8496-EFC9CDF5AFCD}.Debug|Any CPU.Build.0 = Debug|Any CPU
		{868AB53A-98A7-4C4C-8496-EFC9CDF5AFCD}.Debug|x64.ActiveCfg = Debug|Any CPU
		{868AB53A-98A7-4C4C-8496-EFC9CDF5AFCD}.Debug|x64.Build.0 = Debug|Any CPU
		{868AB53A-98A7-4C4C-8496-EFC9CDF5AFCD}.Debug|x86.ActiveCfg = Debug|Any CPU
		{868AB53A-98A7-4C4C-8496-EFC9CDF5AFCD}.Debug|x86.Build.0 = Debug|Any CPU
		{868AB53A-98A7-4C4C-8496-EFC9CDF5AFCD}.Release|Any CPU.ActiveCfg = Release|Any CPU
		{868AB53A-98A7-4C4C-8496-EFC9CDF5AFCD}.Release|Any CPU.Build.0 = Release|Any CPU
		{868AB53A-98A7-4C4C-8496-EFC9CDF5AFCD}.Release|x64.ActiveCfg = Release|Any CPU
		{868AB53A-98A7-4C4C-8496-EFC9CDF5AFCD}.Release|x64.Build.0 = Release|Any CPU
		{868AB53A-98A7-4C4C-8496-EFC9CDF5AFCD}.Release|x86.ActiveCfg = Release|Any CPU
		{868AB53A-98A7-4C4C-8496-EFC9CDF5AFCD}.Release|x86.Build.0 = Release|Any CPU
		{A2B698E8-18E3-4104-B0C4-4D00E8FCFBF3}.Debug|Any CPU.ActiveCfg = Debug|Any CPU
		{A2B698E8-18E3-4104-B0C4-4D00E8FCFBF3}.Debug|Any CPU.Build.0 = Debug|Any CPU
		{A2B698E8-18E3-4104-B0C4-4D00E8FCFBF3}.Debug|x64.ActiveCfg = Debug|Any CPU
		{A2B698E8-18E3-4104-B0C4-4D00E8FCFBF3}.Debug|x64.Build.0 = Debug|Any CPU
		{A2B698E8-18E3-4104-B0C4-4D00E8FCFBF3}.Debug|x86.ActiveCfg = Debug|Any CPU
		{A2B698E8-18E3-4104-B0C4-4D00E8FCFBF3}.Debug|x86.Build.0 = Debug|Any CPU
		{A2B698E8-18E3-4104-B0C4-4D00E8FCFBF3}.Release|Any CPU.ActiveCfg = Release|Any CPU
		{A2B698E8-18E3-4104-B0C4-4D00E8FCFBF3}.Release|Any CPU.Build.0 = Release|Any CPU
		{A2B698E8-18E3-4104-B0C4-4D00E8FCFBF3}.Release|x64.ActiveCfg = Release|Any CPU
		{A2B698E8-18E3-4104-B0C4-4D00E8FCFBF3}.Release|x64.Build.0 = Release|Any CPU
		{A2B698E8-18E3-4104-B0C4-4D00E8FCFBF3}.Release|x86.ActiveCfg = Release|Any CPU
		{A2B698E8-18E3-4104-B0C4-4D00E8FCFBF3}.Release|x86.Build.0 = Release|Any CPU
		{EA375CD0-F769-4244-8A23-AA44F343B5A2}.Debug|Any CPU.ActiveCfg = Debug|Any CPU
		{EA375CD0-F769-4244-8A23-AA44F343B5A2}.Debug|Any CPU.Build.0 = Debug|Any CPU
		{EA375CD0-F769-4244-8A23-AA44F343B5A2}.Debug|x64.ActiveCfg = Debug|Any CPU
		{EA375CD0-F769-4244-8A23-AA44F343B5A2}.Debug|x64.Build.0 = Debug|Any CPU
		{EA375CD0-F769-4244-8A23-AA44F343B5A2}.Debug|x86.ActiveCfg = Debug|Any CPU
		{EA375CD0-F769-4244-8A23-AA44F343B5A2}.Debug|x86.Build.0 = Debug|Any CPU
		{EA375CD0-F769-4244-8A23-AA44F343B5A2}.Release|Any CPU.ActiveCfg = Release|Any CPU
		{EA375CD0-F769-4244-8A23-AA44F343B5A2}.Release|Any CPU.Build.0 = Release|Any CPU
		{EA375CD0-F769-4244-8A23-AA44F343B5A2}.Release|x64.ActiveCfg = Release|Any CPU
		{EA375CD0-F769-4244-8A23-AA44F343B5A2}.Release|x64.Build.0 = Release|Any CPU
		{EA375CD0-F769-4244-8A23-AA44F343B5A2}.Release|x86.ActiveCfg = Release|Any CPU
		{EA375CD0-F769-4244-8A23-AA44F343B5A2}.Release|x86.Build.0 = Release|Any CPU
	EndGlobalSection
	GlobalSection(NestedProjects) = preSolution
		{8E7146C6-DED6-4F5B-942B-2278DBFD219A} = {5EDC0BE8-D816-4267-9FBE-CC94009605C2}
		{835A8096-D45B-4945-B80E-6BCE56905249} = {5EDC0BE8-D816-4267-9FBE-CC94009605C2}
		{4489FB65-0426-4EA5-BA52-0F2563F8811F} = {5EDC0BE8-D816-4267-9FBE-CC94009605C2}
		{EA654790-24C3-47DC-8F73-D55E01A35E73} = {5EDC0BE8-D816-4267-9FBE-CC94009605C2}
		{868AB53A-98A7-4C4C-8496-EFC9CDF5AFCD} = {5EDC0BE8-D816-4267-9FBE-CC94009605C2}
		{A2B698E8-18E3-4104-B0C4-4D00E8FCFBF3} = {5EDC0BE8-D816-4267-9FBE-CC94009605C2}
		{EA375CD0-F769-4244-8A23-AA44F343B5A2} = {1AB47EDC-A657-47DA-B0DE-C38AE61F17E5}
	EndGlobalSection
EndGlobal
